
Microsoft Visual Studio Solution File, Format Version 12.00
# Visual Studio 15
VisualStudioVersion = 15.0.26124.0
MinimumVisualStudioVersion = 15.0.26124.0
Project("{FAE04EC0-301F-11D3-BF4B-00C04F79EFBC}") = "Edu.Ucsb.IssueManager", "Edu.Ucsb.IssueManager\Edu.Ucsb.IssueManager.csproj", "{FC71D87A-980B-40FE-8EB0-37F4BB433F57}"
EndProject
Project("{FAE04EC0-301F-11D3-BF4B-00C04F79EFBC}") = "Edu.Ucsb.IssueManager.Web", "Edu.Ucsb.IssueManager.Web\Edu.Ucsb.IssueManager.Web.csproj", "{CA875A2F-C4F0-470E-8015-688350FA4D64}"
EndProject
Project("{FAE04EC0-301F-11D3-BF4B-00C04F79EFBC}") = "Edu.Ucsb.IssueManager.Tests", "Edu.Ucsb.IssueManager.Tests\Edu.Ucsb.IssueManager.Tests.csproj", "{307F2A17-2A17-4E32-8C47-F3C924E40CBC}"
EndProject
Global
	GlobalSection(SolutionConfigurationPlatforms) = preSolution
		Debug|Any CPU = Debug|Any CPU
		Debug|x64 = Debug|x64
		Debug|x86 = Debug|x86
		Release|Any CPU = Release|Any CPU
		Release|x64 = Release|x64
		Release|x86 = Release|x86
	EndGlobalSection
	GlobalSection(SolutionProperties) = preSolution
		HideSolutionNode = FALSE
	EndGlobalSection
	GlobalSection(ProjectConfigurationPlatforms) = postSolution
		{FC71D87A-980B-40FE-8EB0-37F4BB433F57}.Debug|Any CPU.ActiveCfg = Debug|Any CPU
		{FC71D87A-980B-40FE-8EB0-37F4BB433F57}.Debug|Any CPU.Build.0 = Debug|Any CPU
		{FC71D87A-980B-40FE-8EB0-37F4BB433F57}.Debug|x64.ActiveCfg = Debug|Any CPU
		{FC71D87A-980B-40FE-8EB0-37F4BB433F57}.Debug|x64.Build.0 = Debug|Any CPU
		{FC71D87A-980B-40FE-8EB0-37F4BB433F57}.Debug|x86.ActiveCfg = Debug|Any CPU
		{FC71D87A-980B-40FE-8EB0-37F4BB433F57}.Debug|x86.Build.0 = Debug|Any CPU
		{FC71D87A-980B-40FE-8EB0-37F4BB433F57}.Release|Any CPU.ActiveCfg = Release|Any CPU
		{FC71D87A-980B-40FE-8EB0-37F4BB433F57}.Release|Any CPU.Build.0 = Release|Any CPU
		{FC71D87A-980B-40FE-8EB0-37F4BB433F57}.Release|x64.ActiveCfg = Release|Any CPU
		{FC71D87A-980B-40FE-8EB0-37F4BB433F57}.Release|x64.Build.0 = Release|Any CPU
		{FC71D87A-980B-40FE-8EB0-37F4BB433F57}.Release|x86.ActiveCfg = Release|Any CPU
		{FC71D87A-980B-40FE-8EB0-37F4BB433F57}.Release|x86.Build.0 = Release|Any CPU
		{CA875A2F-C4F0-470E-8015-688350FA4D64}.Debug|Any CPU.ActiveCfg = Debug|Any CPU
		{CA875A2F-C4F0-470E-8015-688350FA4D64}.Debug|Any CPU.Build.0 = Debug|Any CPU
		{CA875A2F-C4F0-470E-8015-688350FA4D64}.Debug|x64.ActiveCfg = Debug|Any CPU
		{CA875A2F-C4F0-470E-8015-688350FA4D64}.Debug|x64.Build.0 = Debug|Any CPU
		{CA875A2F-C4F0-470E-8015-688350FA4D64}.Debug|x86.ActiveCfg = Debug|Any CPU
		{CA875A2F-C4F0-470E-8015-688350FA4D64}.Debug|x86.Build.0 = Debug|Any CPU
		{CA875A2F-C4F0-470E-8015-688350FA4D64}.Release|Any CPU.ActiveCfg = Release|Any CPU
		{CA875A2F-C4F0-470E-8015-688350FA4D64}.Release|Any CPU.Build.0 = Release|Any CPU
		{CA875A2F-C4F0-470E-8015-688350FA4D64}.Release|x64.ActiveCfg = Release|Any CPU
		{CA875A2F-C4F0-470E-8015-688350FA4D64}.Release|x64.Build.0 = Release|Any CPU
		{CA875A2F-C4F0-470E-8015-688350FA4D64}.Release|x86.ActiveCfg = Release|Any CPU
		{CA875A2F-C4F0-470E-8015-688350FA4D64}.Release|x86.Build.0 = Release|Any CPU
		{307F2A17-2A17-4E32-8C47-F3C924E40CBC}.Debug|Any CPU.ActiveCfg = Debug|Any CPU
		{307F2A17-2A17-4E32-8C47-F3C924E40CBC}.Debug|Any CPU.Build.0 = Debug|Any CPU
		{307F2A17-2A17-4E32-8C47-F3C924E40CBC}.Debug|x64.ActiveCfg = Debug|Any CPU
		{307F2A17-2A17-4E32-8C47-F3C924E40CBC}.Debug|x64.Build.0 = Debug|Any CPU
		{307F2A17-2A17-4E32-8C47-F3C924E40CBC}.Debug|x86.ActiveCfg = Debug|Any CPU
		{307F2A17-2A17-4E32-8C47-F3C924E40CBC}.Debug|x86.Build.0 = Debug|Any CPU
		{307F2A17-2A17-4E32-8C47-F3C924E40CBC}.Release|Any CPU.ActiveCfg = Release|Any CPU
		{307F2A17-2A17-4E32-8C47-F3C924E40CBC}.Release|Any CPU.Build.0 = Release|Any CPU
		{307F2A17-2A17-4E32-8C47-F3C924E40CBC}.Release|x64.ActiveCfg = Release|Any CPU
		{307F2A17-2A17-4E32-8C47-F3C924E40CBC}.Release|x64.Build.0 = Release|Any CPU
		{307F2A17-2A17-4E32-8C47-F3C924E40CBC}.Release|x86.ActiveCfg = Release|Any CPU
		{307F2A17-2A17-4E32-8C47-F3C924E40CBC}.Release|x86.Build.0 = Release|Any CPU
	EndGlobalSection
EndGlobal
